
Microsoft Visual Studio Solution File, Format Version 12.00
# Visual Studio 15
VisualStudioVersion = 15.0.26430.13
MinimumVisualStudioVersion = 10.0.40219.1
Project("{FAE04EC0-301F-11D3-BF4B-00C04F79EFBC}") = "WebResources", "WebResources\WebResources.csproj", "{FF72BDBF-48C6-403E-BC01-BE62A0E08C0F}"
	ProjectSection(ProjectDependencies) = postProject
		{218EEF3D-7B99-433A-8692-46B4E29DE617} = {218EEF3D-7B99-433A-8692-46B4E29DE617}
		{483FA17C-A355-4828-BBE2-CE44CFFA241A} = {483FA17C-A355-4828-BBE2-CE44CFFA241A}
	EndProjectSection
EndProject
Project("{FAE04EC0-301F-11D3-BF4B-00C04F79EFBC}") = "HttpServer", "HttpServer\HttpServer.csproj", "{483FA17C-A355-4828-BBE2-CE44CFFA241A}"
EndProject
Project("{FAE04EC0-301F-11D3-BF4B-00C04F79EFBC}") = "PartsLibrary", "PartsLibrary\PartsLibrary.csproj", "{218EEF3D-7B99-433A-8692-46B4E29DE617}"
EndProject
Project("{FAE04EC0-301F-11D3-BF4B-00C04F79EFBC}") = "WebServerDemo", "WebServerDemo\WebServerDemo.csproj", "{FF32FCA8-58FC-4834-B3D1-0E2AA8699820}"
EndProject
Project("{FAE04EC0-301F-11D3-BF4B-00C04F79EFBC}") = "DotLiquidCore", "DotLiquidCore\DotLiquidCore.csproj", "{7E2D1C5B-59AF-4F2A-A0AA-0FCA38C1740C}"
EndProject
Project("{FAE04EC0-301F-11D3-BF4B-00C04F79EFBC}") = "HttpServerIntegration", "HttpServerIntegration\HttpServerIntegration.csproj", "{C96DEB7F-9753-495D-9FCD-3A7F0D8D6D90}"
EndProject
Project("{FAE04EC0-301F-11D3-BF4B-00C04F79EFBC}") = "IPNetwork", "IPNetwork\IPNetwork.csproj", "{5DDEBBB4-5876-43A4-A158-B60625DE3A8B}"
EndProject
Global
	GlobalSection(SolutionConfigurationPlatforms) = preSolution
		Debug|Any CPU = Debug|Any CPU
		Debug|ARM = Debug|ARM
		Debug|x64 = Debug|x64
		Debug|x86 = Debug|x86
		Release|Any CPU = Release|Any CPU
		Release|ARM = Release|ARM
		Release|x64 = Release|x64
		Release|x86 = Release|x86
	EndGlobalSection
	GlobalSection(ProjectConfigurationPlatforms) = postSolution
		{FF72BDBF-48C6-403E-BC01-BE62A0E08C0F}.Debug|Any CPU.ActiveCfg = Debug|Any CPU
		{FF72BDBF-48C6-403E-BC01-BE62A0E08C0F}.Debug|Any CPU.Build.0 = Debug|Any CPU
		{FF72BDBF-48C6-403E-BC01-BE62A0E08C0F}.Debug|ARM.ActiveCfg = Debug|ARM
		{FF72BDBF-48C6-403E-BC01-BE62A0E08C0F}.Debug|ARM.Build.0 = Debug|ARM
		{FF72BDBF-48C6-403E-BC01-BE62A0E08C0F}.Debug|x64.ActiveCfg = Debug|x64
		{FF72BDBF-48C6-403E-BC01-BE62A0E08C0F}.Debug|x64.Build.0 = Debug|x64
		{FF72BDBF-48C6-403E-BC01-BE62A0E08C0F}.Debug|x86.ActiveCfg = Debug|x86
		{FF72BDBF-48C6-403E-BC01-BE62A0E08C0F}.Debug|x86.Build.0 = Debug|x86
		{FF72BDBF-48C6-403E-BC01-BE62A0E08C0F}.Release|Any CPU.ActiveCfg = Release|Any CPU
		{FF72BDBF-48C6-403E-BC01-BE62A0E08C0F}.Release|Any CPU.Build.0 = Release|Any CPU
		{FF72BDBF-48C6-403E-BC01-BE62A0E08C0F}.Release|ARM.ActiveCfg = Release|ARM
		{FF72BDBF-48C6-403E-BC01-BE62A0E08C0F}.Release|ARM.Build.0 = Release|ARM
		{FF72BDBF-48C6-403E-BC01-BE62A0E08C0F}.Release|x64.ActiveCfg = Release|x64
		{FF72BDBF-48C6-403E-BC01-BE62A0E08C0F}.Release|x64.Build.0 = Release|x64
		{FF72BDBF-48C6-403E-BC01-BE62A0E08C0F}.Release|x86.ActiveCfg = Release|x86
		{FF72BDBF-48C6-403E-BC01-BE62A0E08C0F}.Release|x86.Build.0 = Release|x86
		{483FA17C-A355-4828-BBE2-CE44CFFA241A}.Debug|Any CPU.ActiveCfg = Debug|Any CPU
		{483FA17C-A355-4828-BBE2-CE44CFFA241A}.Debug|Any CPU.Build.0 = Debug|Any CPU
		{483FA17C-A355-4828-BBE2-CE44CFFA241A}.Debug|ARM.ActiveCfg = Debug|ARM
		{483FA17C-A355-4828-BBE2-CE44CFFA241A}.Debug|ARM.Build.0 = Debug|ARM
		{483FA17C-A355-4828-BBE2-CE44CFFA241A}.Debug|x64.ActiveCfg = Debug|x64
		{483FA17C-A355-4828-BBE2-CE44CFFA241A}.Debug|x64.Build.0 = Debug|x64
		{483FA17C-A355-4828-BBE2-CE44CFFA241A}.Debug|x86.ActiveCfg = Debug|x86
		{483FA17C-A355-4828-BBE2-CE44CFFA241A}.Debug|x86.Build.0 = Debug|x86
		{483FA17C-A355-4828-BBE2-CE44CFFA241A}.Release|Any CPU.ActiveCfg = Release|Any CPU
		{483FA17C-A355-4828-BBE2-CE44CFFA241A}.Release|Any CPU.Build.0 = Release|Any CPU
		{483FA17C-A355-4828-BBE2-CE44CFFA241A}.Release|ARM.ActiveCfg = Release|ARM
		{483FA17C-A355-4828-BBE2-CE44CFFA241A}.Release|ARM.Build.0 = Release|ARM
		{483FA17C-A355-4828-BBE2-CE44CFFA241A}.Release|x64.ActiveCfg = Release|x64
		{483FA17C-A355-4828-BBE2-CE44CFFA241A}.Release|x64.Build.0 = Release|x64
		{483FA17C-A355-4828-BBE2-CE44CFFA241A}.Release|x86.ActiveCfg = Release|x86
		{483FA17C-A355-4828-BBE2-CE44CFFA241A}.Release|x86.Build.0 = Release|x86
		{218EEF3D-7B99-433A-8692-46B4E29DE617}.Debug|Any CPU.ActiveCfg = Debug|Any CPU
		{218EEF3D-7B99-433A-8692-46B4E29DE617}.Debug|Any CPU.Build.0 = Debug|Any CPU
		{218EEF3D-7B99-433A-8692-46B4E29DE617}.Debug|ARM.ActiveCfg = Debug|ARM
		{218EEF3D-7B99-433A-8692-46B4E29DE617}.Debug|ARM.Build.0 = Debug|ARM
		{218EEF3D-7B99-433A-8692-46B4E29DE617}.Debug|x64.ActiveCfg = Debug|x64
		{218EEF3D-7B99-433A-8692-46B4E29DE617}.Debug|x64.Build.0 = Debug|x64
		{218EEF3D-7B99-433A-8692-46B4E29DE617}.Debug|x86.ActiveCfg = Debug|x86
		{218EEF3D-7B99-433A-8692-46B4E29DE617}.Debug|x86.Build.0 = Debug|x86
		{218EEF3D-7B99-433A-8692-46B4E29DE617}.Release|Any CPU.ActiveCfg = Release|Any CPU
		{218EEF3D-7B99-433A-8692-46B4E29DE617}.Release|Any CPU.Build.0 = Release|Any CPU
		{218EEF3D-7B99-433A-8692-46B4E29DE617}.Release|ARM.ActiveCfg = Release|ARM
		{218EEF3D-7B99-433A-8692-46B4E29DE617}.Release|ARM.Build.0 = Release|ARM
		{218EEF3D-7B99-433A-8692-46B4E29DE617}.Release|x64.ActiveCfg = Release|x64
		{218EEF3D-7B99-433A-8692-46B4E29DE617}.Release|x64.Build.0 = Release|x64
		{218EEF3D-7B99-433A-8692-46B4E29DE617}.Release|x86.ActiveCfg = Release|x86
		{218EEF3D-7B99-433A-8692-46B4E29DE617}.Release|x86.Build.0 = Release|x86
		{FF32FCA8-58FC-4834-B3D1-0E2AA8699820}.Debug|Any CPU.ActiveCfg = Debug|ARM
		{FF32FCA8-58FC-4834-B3D1-0E2AA8699820}.Debug|Any CPU.Build.0 = Debug|ARM
		{FF32FCA8-58FC-4834-B3D1-0E2AA8699820}.Debug|Any CPU.Deploy.0 = Debug|ARM
		{FF32FCA8-58FC-4834-B3D1-0E2AA8699820}.Debug|ARM.ActiveCfg = Debug|ARM
		{FF32FCA8-58FC-4834-B3D1-0E2AA8699820}.Debug|ARM.Build.0 = Debug|ARM
		{FF32FCA8-58FC-4834-B3D1-0E2AA8699820}.Debug|ARM.Deploy.0 = Debug|ARM
		{FF32FCA8-58FC-4834-B3D1-0E2AA8699820}.Debug|x64.ActiveCfg = Debug|x64
		{FF32FCA8-58FC-4834-B3D1-0E2AA8699820}.Debug|x64.Build.0 = Debug|x64
		{FF32FCA8-58FC-4834-B3D1-0E2AA8699820}.Debug|x64.Deploy.0 = Debug|x64
		{FF32FCA8-58FC-4834-B3D1-0E2AA8699820}.Debug|x86.ActiveCfg = Debug|x86
		{FF32FCA8-58FC-4834-B3D1-0E2AA8699820}.Debug|x86.Build.0 = Debug|x86
		{FF32FCA8-58FC-4834-B3D1-0E2AA8699820}.Debug|x86.Deploy.0 = Debug|x86
		{FF32FCA8-58FC-4834-B3D1-0E2AA8699820}.Release|Any CPU.ActiveCfg = Release|x86
		{FF32FCA8-58FC-4834-B3D1-0E2AA8699820}.Release|ARM.ActiveCfg = Release|ARM
		{FF32FCA8-58FC-4834-B3D1-0E2AA8699820}.Release|ARM.Build.0 = Release|ARM
		{FF32FCA8-58FC-4834-B3D1-0E2AA8699820}.Release|ARM.Deploy.0 = Release|ARM
		{FF32FCA8-58FC-4834-B3D1-0E2AA8699820}.Release|x64.ActiveCfg = Release|x64
		{FF32FCA8-58FC-4834-B3D1-0E2AA8699820}.Release|x64.Build.0 = Release|x64
		{FF32FCA8-58FC-4834-B3D1-0E2AA8699820}.Release|x64.Deploy.0 = Release|x64
		{FF32FCA8-58FC-4834-B3D1-0E2AA8699820}.Release|x86.ActiveCfg = Release|x86
		{FF32FCA8-58FC-4834-B3D1-0E2AA8699820}.Release|x86.Build.0 = Release|x86
		{FF32FCA8-58FC-4834-B3D1-0E2AA8699820}.Release|x86.Deploy.0 = Release|x86
		{7E2D1C5B-59AF-4F2A-A0AA-0FCA38C1740C}.Debug|Any CPU.ActiveCfg = Debug|Any CPU
		{7E2D1C5B-59AF-4F2A-A0AA-0FCA38C1740C}.Debug|Any CPU.Build.0 = Debug|Any CPU
		{7E2D1C5B-59AF-4F2A-A0AA-0FCA38C1740C}.Debug|ARM.ActiveCfg = Debug|ARM
		{7E2D1C5B-59AF-4F2A-A0AA-0FCA38C1740C}.Debug|ARM.Build.0 = Debug|ARM
		{7E2D1C5B-59AF-4F2A-A0AA-0FCA38C1740C}.Debug|x64.ActiveCfg = Debug|x64
		{7E2D1C5B-59AF-4F2A-A0AA-0FCA38C1740C}.Debug|x64.Build.0 = Debug|x64
		{7E2D1C5B-59AF-4F2A-A0AA-0FCA38C1740C}.Debug|x86.ActiveCfg = Debug|x86
		{7E2D1C5B-59AF-4F2A-A0AA-0FCA38C1740C}.Debug|x86.Build.0 = Debug|x86
		{7E2D1C5B-59AF-4F2A-A0AA-0FCA38C1740C}.Release|Any CPU.ActiveCfg = Release|Any CPU
		{7E2D1C5B-59AF-4F2A-A0AA-0FCA38C1740C}.Release|Any CPU.Build.0 = Release|Any CPU
		{7E2D1C5B-59AF-4F2A-A0AA-0FCA38C1740C}.Release|ARM.ActiveCfg = Release|ARM
		{7E2D1C5B-59AF-4F2A-A0AA-0FCA38C1740C}.Release|ARM.Build.0 = Release|ARM
		{7E2D1C5B-59AF-4F2A-A0AA-0FCA38C1740C}.Release|x64.ActiveCfg = Release|x64
		{7E2D1C5B-59AF-4F2A-A0AA-0FCA38C1740C}.Release|x64.Build.0 = Release|x64
		{7E2D1C5B-59AF-4F2A-A0AA-0FCA38C1740C}.Release|x86.ActiveCfg = Release|x86
		{7E2D1C5B-59AF-4F2A-A0AA-0FCA38C1740C}.Release|x86.Build.0 = Release|x86
		{C96DEB7F-9753-495D-9FCD-3A7F0D8D6D90}.Debug|Any CPU.ActiveCfg = Debug|Any CPU
		{C96DEB7F-9753-495D-9FCD-3A7F0D8D6D90}.Debug|Any CPU.Build.0 = Debug|Any CPU
		{C96DEB7F-9753-495D-9FCD-3A7F0D8D6D90}.Debug|ARM.ActiveCfg = Debug|ARM
		{C96DEB7F-9753-495D-9FCD-3A7F0D8D6D90}.Debug|ARM.Build.0 = Debug|ARM
		{C96DEB7F-9753-495D-9FCD-3A7F0D8D6D90}.Debug|x64.ActiveCfg = Debug|x64
		{C96DEB7F-9753-495D-9FCD-3A7F0D8D6D90}.Debug|x64.Build.0 = Debug|x64
		{C96DEB7F-9753-495D-9FCD-3A7F0D8D6D90}.Debug|x86.ActiveCfg = Debug|x86
		{C96DEB7F-9753-495D-9FCD-3A7F0D8D6D90}.Debug|x86.Build.0 = Debug|x86
		{C96DEB7F-9753-495D-9FCD-3A7F0D8D6D90}.Release|Any CPU.ActiveCfg = Release|Any CPU
		{C96DEB7F-9753-495D-9FCD-3A7F0D8D6D90}.Release|Any CPU.Build.0 = Release|Any CPU
		{C96DEB7F-9753-495D-9FCD-3A7F0D8D6D90}.Release|ARM.ActiveCfg = Release|ARM
		{C96DEB7F-9753-495D-9FCD-3A7F0D8D6D90}.Release|ARM.Build.0 = Release|ARM
		{C96DEB7F-9753-495D-9FCD-3A7F0D8D6D90}.Release|x64.ActiveCfg = Release|x64
		{C96DEB7F-9753-495D-9FCD-3A7F0D8D6D90}.Release|x64.Build.0 = Release|x64
		{C96DEB7F-9753-495D-9FCD-3A7F0D8D6D90}.Release|x86.ActiveCfg = Release|x86
		{C96DEB7F-9753-495D-9FCD-3A7F0D8D6D90}.Release|x86.Build.0 = Release|x86
		{5DDEBBB4-5876-43A4-A158-B60625DE3A8B}.Debug|Any CPU.ActiveCfg = Debug|Any CPU
		{5DDEBBB4-5876-43A4-A158-B60625DE3A8B}.Debug|Any CPU.Build.0 = Debug|Any CPU
		{5DDEBBB4-5876-43A4-A158-B60625DE3A8B}.Debug|ARM.ActiveCfg = Debug|ARM
		{5DDEBBB4-5876-43A4-A158-B60625DE3A8B}.Debug|ARM.Build.0 = Debug|ARM
		{5DDEBBB4-5876-43A4-A158-B60625DE3A8B}.Debug|x64.ActiveCfg = Debug|x64
		{5DDEBBB4-5876-43A4-A158-B60625DE3A8B}.Debug|x64.Build.0 = Debug|x64
		{5DDEBBB4-5876-43A4-A158-B60625DE3A8B}.Debug|x86.ActiveCfg = Debug|x86
		{5DDEBBB4-5876-43A4-A158-B60625DE3A8B}.Debug|x86.Build.0 = Debug|x86
		{5DDEBBB4-5876-43A4-A158-B60625DE3A8B}.Release|Any CPU.ActiveCfg = Release|Any CPU
		{5DDEBBB4-5876-43A4-A158-B60625DE3A8B}.Release|Any CPU.Build.0 = Release|Any CPU
		{5DDEBBB4-5876-43A4-A158-B60625DE3A8B}.Release|ARM.ActiveCfg = Release|ARM
		{5DDEBBB4-5876-43A4-A158-B60625DE3A8B}.Release|ARM.Build.0 = Release|ARM
		{5DDEBBB4-5876-43A4-A158-B60625DE3A8B}.Release|x64.ActiveCfg = Release|x64
		{5DDEBBB4-5876-43A4-A158-B60625DE3A8B}.Release|x64.Build.0 = Release|x64
		{5DDEBBB4-5876-43A4-A158-B60625DE3A8B}.Release|x86.ActiveCfg = Release|x86
		{5DDEBBB4-5876-43A4-A158-B60625DE3A8B}.Release|x86.Build.0 = Release|x86
	EndGlobalSection
	GlobalSection(SolutionProperties) = preSolution
		HideSolutionNode = FALSE
	EndGlobalSection
EndGlobal
